
Microsoft Visual Studio Solution File, Format Version 12.00
# Visual Studio Version 16
VisualStudioVersion = 16.0.30804.86
MinimumVisualStudioVersion = 10.0.40219.1
Project("{FAE04EC0-301F-11D3-BF4B-00C04F79EFBC}") = "HelloWorld", "HelloWorld\HelloWorld.csproj", "{DBDE5ED7-DC7F-48FD-9022-D7E768AA8513}"
EndProject
Global
	GlobalSection(SolutionConfigurationPlatforms) = preSolution
		Debug|Any CPU = Debug|Any CPU
		Release|Any CPU = Release|Any CPU
	EndGlobalSection
	GlobalSection(ProjectConfigurationPlatforms) = postSolution
		{DBDE5ED7-DC7F-48FD-9022-D7E768AA8513}.Debug|Any CPU.ActiveCfg = Debug|Any CPU
		{DBDE5ED7-DC7F-48FD-9022-D7E768AA8513}.Debug|Any CPU.Build.0 = Debug|Any CPU
		{DBDE5ED7-DC7F-48FD-9022-D7E768AA8513}.Release|Any CPU.ActiveCfg = Release|Any CPU
		{DBDE5ED7-DC7F-48FD-9022-D7E768AA8513}.Release|Any CPU.Build.0 = Release|Any CPU
	EndGlobalSection
	GlobalSection(SolutionProperties) = preSolution
		HideSolutionNode = FALSE
	EndGlobalSection
	GlobalSection(ExtensibilityGlobals) = postSolution
		SolutionGuid = {5AAA6338-6C70-4709-9367-87BD5AC6C0FD}
	EndGlobalSection
EndGlobal
